
Microsoft Visual Studio Solution File, Format Version 12.00
# Visual Studio Version 17
VisualStudioVersion = 17.9.34728.123
MinimumVisualStudioVersion = 10.0.40219.1
Project("{9A19103F-16F7-4668-BE54-9A1E7A4F7556}") = "Fitnet", "Fitnet\Fitnet.csproj", "{16B94668-D8C4-421A-8542-15897A3454EF}"
EndProject
Project("{FAE04EC0-301F-11D3-BF4B-00C04F79EFBC}") = "Fitnet.IntegrationTests", "Fitnet.IntegrationTests\Fitnet.IntegrationTests.csproj", "{8F32E39A-81A0-4061-B64A-05A9D9D27349}"
EndProject
Global
	GlobalSection(SolutionConfigurationPlatforms) = preSolution
		Debug|Any CPU = Debug|Any CPU
		Release|Any CPU = Release|Any CPU
	EndGlobalSection
	GlobalSection(ProjectConfigurationPlatforms) = postSolution
		{16B94668-D8C4-421A-8542-15897A3454EF}.Debug|Any CPU.ActiveCfg = Debug|Any CPU
		{16B94668-D8C4-421A-8542-15897A3454EF}.Debug|Any CPU.Build.0 = Debug|Any CPU
		{16B94668-D8C4-421A-8542-15897A3454EF}.Release|Any CPU.ActiveCfg = Release|Any CPU
		{16B94668-D8C4-421A-8542-15897A3454EF}.Release|Any CPU.Build.0 = Release|Any CPU
		{8F32E39A-81A0-4061-B64A-05A9D9D27349}.Debug|Any CPU.ActiveCfg = Debug|Any CPU
		{8F32E39A-81A0-4061-B64A-05A9D9D27349}.Debug|Any CPU.Build.0 = Debug|Any CPU
		{8F32E39A-81A0-4061-B64A-05A9D9D27349}.Release|Any CPU.ActiveCfg = Release|Any CPU
		{8F32E39A-81A0-4061-B64A-05A9D9D27349}.Release|Any CPU.Build.0 = Release|Any CPU
	EndGlobalSection
	GlobalSection(SolutionProperties) = preSolution
		HideSolutionNode = FALSE
	EndGlobalSection
	GlobalSection(ExtensibilityGlobals) = postSolution
		SolutionGuid = {3012B69C-9277-402C-83F4-2FE138074424}
	EndGlobalSection
EndGlobal
